
Microsoft Visual Studio Solution File, Format Version 12.00
# Visual Studio 2013
VisualStudioVersion = 12.0.21005.1
MinimumVisualStudioVersion = 10.0.40219.1
Project("{8BC9CEB8-8B4A-11D0-8D11-00A0C91BC942}") = "C++ 条款", "C++ 条款\C++ 条款.vcxproj", "{10C30896-3B0D-43D7-B439-151B6B35876A}"
EndProject
Global
	GlobalSection(SolutionConfigurationPlatforms) = preSolution
		Debug|Win32 = Debug|Win32
		Release|Win32 = Release|Win32
	EndGlobalSection
	GlobalSection(ProjectConfigurationPlatforms) = postSolution
		{10C30896-3B0D-43D7-B439-151B6B35876A}.Debug|Win32.ActiveCfg = Debug|Win32
		{10C30896-3B0D-43D7-B439-151B6B35876A}.Debug|Win32.Build.0 = Debug|Win32
		{10C30896-3B0D-43D7-B439-151B6B35876A}.Release|Win32.ActiveCfg = Release|Win32
		{10C30896-3B0D-43D7-B439-151B6B35876A}.Release|Win32.Build.0 = Release|Win32
	EndGlobalSection
	GlobalSection(SolutionProperties) = preSolution
		HideSolutionNode = FALSE
	EndGlobalSection
EndGlobal
