
Microsoft Visual Studio Solution File, Format Version 12.00
# Visual Studio 2013
VisualStudioVersion = 12.0.21005.1
MinimumVisualStudioVersion = 10.0.40219.1
Project("{8BC9CEB8-8B4A-11D0-8D11-00A0C91BC942}") = "内存管理", "内存管理\内存管理.vcxproj", "{EBB80E83-F9F9-4B89-B482-96F7D3904FCD}"
EndProject
Global
	GlobalSection(SolutionConfigurationPlatforms) = preSolution
		Debug|Win32 = Debug|Win32
		Release|Win32 = Release|Win32
	EndGlobalSection
	GlobalSection(ProjectConfigurationPlatforms) = postSolution
		{EBB80E83-F9F9-4B89-B482-96F7D3904FCD}.Debug|Win32.ActiveCfg = Debug|Win32
		{EBB80E83-F9F9-4B89-B482-96F7D3904FCD}.Debug|Win32.Build.0 = Debug|Win32
		{EBB80E83-F9F9-4B89-B482-96F7D3904FCD}.Release|Win32.ActiveCfg = Release|Win32
		{EBB80E83-F9F9-4B89-B482-96F7D3904FCD}.Release|Win32.Build.0 = Release|Win32
	EndGlobalSection
	GlobalSection(SolutionProperties) = preSolution
		HideSolutionNode = FALSE
	EndGlobalSection
EndGlobal
